
Microsoft Visual Studio Solution File, Format Version 12.00
# Visual Studio Version 17
VisualStudioVersion = 17.3.32929.385
MinimumVisualStudioVersion = 10.0.40219.1
Project("{9A19103F-16F7-4668-BE54-9A1E7A4F7556}") = "Cicek Siniflandirma", "Cicek Siniflandirma\Cicek Siniflandirma.csproj", "{93060734-CB01-44E8-8647-766CDF22939B}"
EndProject
Global
	GlobalSection(SolutionConfigurationPlatforms) = preSolution
		Debug|Any CPU = Debug|Any CPU
		Release|Any CPU = Release|Any CPU
	EndGlobalSection
	GlobalSection(ProjectConfigurationPlatforms) = postSolution
		{93060734-CB01-44E8-8647-766CDF22939B}.Debug|Any CPU.ActiveCfg = Debug|Any CPU
		{93060734-CB01-44E8-8647-766CDF22939B}.Debug|Any CPU.Build.0 = Debug|Any CPU
		{93060734-CB01-44E8-8647-766CDF22939B}.Release|Any CPU.ActiveCfg = Release|Any CPU
		{93060734-CB01-44E8-8647-766CDF22939B}.Release|Any CPU.Build.0 = Release|Any CPU
	EndGlobalSection
	GlobalSection(SolutionProperties) = preSolution
		HideSolutionNode = FALSE
	EndGlobalSection
	GlobalSection(ExtensibilityGlobals) = postSolution
		SolutionGuid = {6DF89D31-1CC5-4F0A-832F-CE062B500AD6}
	EndGlobalSection
EndGlobal
